
Microsoft Visual Studio Solution File, Format Version 12.00
# Visual Studio Version 17
VisualStudioVersion = 17.8.34322.80
MinimumVisualStudioVersion = 10.0.40219.1
Project("{FAE04EC0-301F-11D3-BF4B-00C04F79EFBC}") = "DailyAlgorithm", "DailyAlgorithm\DailyAlgorithm.csproj", "{79974D74-FAB3-43CC-A6AE-B7BAA5A843C6}"
EndProject
Global
	GlobalSection(SolutionConfigurationPlatforms) = preSolution
		Debug|Any CPU = Debug|Any CPU
		Release|Any CPU = Release|Any CPU
	EndGlobalSection
	GlobalSection(ProjectConfigurationPlatforms) = postSolution
		{79974D74-FAB3-43CC-A6AE-B7BAA5A843C6}.Debug|Any CPU.ActiveCfg = Debug|Any CPU
		{79974D74-FAB3-43CC-A6AE-B7BAA5A843C6}.Debug|Any CPU.Build.0 = Debug|Any CPU
		{79974D74-FAB3-43CC-A6AE-B7BAA5A843C6}.Release|Any CPU.ActiveCfg = Release|Any CPU
		{79974D74-FAB3-43CC-A6AE-B7BAA5A843C6}.Release|Any CPU.Build.0 = Release|Any CPU
	EndGlobalSection
	GlobalSection(SolutionProperties) = preSolution
		HideSolutionNode = FALSE
	EndGlobalSection
	GlobalSection(ExtensibilityGlobals) = postSolution
		SolutionGuid = {220C7DEA-A09A-4980-B664-CFB07A0D4997}
	EndGlobalSection
EndGlobal
